{
  "name": "ag-grid",
  "lockfileVersion": 2,
  "requires": true,
  "packages": {
    "": {
      "dependencies": {
        "@odoo/owl": "^2.0.9",
        "ag-charts-community": "^7.0.0",
        "ag-grid-community": "^29.0.0",
        "ag-grid-enterprise": "^29.0.0",
        "bootstrap": "^5.2.3"
      }
    },
    "node_modules/@odoo/owl": {
      "version": "2.0.9",
      "resolved": "https://registry.npmjs.org/@odoo/owl/-/owl-2.0.9.tgz",
      "integrity": "sha512-i5wmSyU9uiM/ncglZ6IUbBzwwxft5w9S6e29VOpP+bfPvoVh4b9z2SrTeOsijOYYuh15b0iAOZeHhEE/fjq3Mg==",
      "engines": {
        "node": ">=12.18.3"
      }
    },
    "node_modules/@popperjs/core": {
      "version": "2.11.6",
      "resolved": "https://registry.npmjs.org/@popperjs/core/-/core-2.11.6.tgz",
      "integrity": "sha512-50/17A98tWUfQ176raKiOGXuYpLyyVMkxxG6oylzL3BPOlA6ADGdK7EYunSa4I064xerltq9TGXs8HmOk5E+vw==",
      "peer": true,
      "funding": {
        "type": "opencollective",
        "url": "https://opencollective.com/popperjs"
      }
    },
    "node_modules/ag-charts-community": {
      "version": "7.0.0",
      "resolved": "https://registry.npmjs.org/ag-charts-community/-/ag-charts-community-7.0.0.tgz",
      "integrity": "sha512-4GPy0hj1839ffKHL/02+RLsNx1KKFwJjufqGBUVwA+5kRHU0MUQoA4Zn18h/w3zelE4iyzLtvN8+EEU66Ns9Hg=="
    },
    "node_modules/ag-grid-community": {
      "version": "29.0.0",
      "resolved": "https://registry.npmjs.org/ag-grid-community/-/ag-grid-community-29.0.0.tgz",
      "integrity": "sha512-onAQIqjhP1L93W5myAsfLBMBUyZPrWDb8FRulJuhjQKo8DEA4GSZ+oJHxwwLymm4biLu54zvZ+9GkTftha8gAg=="
    },
    "node_modules/ag-grid-enterprise": {
      "version": "29.0.0",
      "resolved": "https://registry.npmjs.org/ag-grid-enterprise/-/ag-grid-enterprise-29.0.0.tgz",
      "integrity": "sha512-WP0D73s5e44szR9bqjD0h66dlm6j5NO/IBEwCo48zMIUEob9a3WBT4cbBQefrka2TWevrfR14WqU/RKmITuXGw=="
    },
    "node_modules/bootstrap": {
      "version": "5.2.3",
      "resolved": "https://registry.npmjs.org/bootstrap/-/bootstrap-5.2.3.tgz",
      "integrity": "sha512-cEKPM+fwb3cT8NzQZYEu4HilJ3anCrWqh3CHAok1p9jXqMPsPTBhU25fBckEJHJ/p+tTxTFTsFQGM+gaHpi3QQ==",
      "funding": [
        {
          "type": "github",
          "url": "https://github.com/sponsors/twbs"
        },
        {
          "type": "opencollective",
          "url": "https://opencollective.com/bootstrap"
        }
      ],
      "peerDependencies": {
        "@popperjs/core": "^2.11.6"
      }
    }
  },
  "dependencies": {
    "@odoo/owl": {
      "version": "2.0.9",
      "resolved": "https://registry.npmjs.org/@odoo/owl/-/owl-2.0.9.tgz",
      "integrity": "sha512-i5wmSyU9uiM/ncglZ6IUbBzwwxft5w9S6e29VOpP+bfPvoVh4b9z2SrTeOsijOYYuh15b0iAOZeHhEE/fjq3Mg=="
    },
    "@popperjs/core": {
      "version": "2.11.6",
      "resolved": "https://registry.npmjs.org/@popperjs/core/-/core-2.11.6.tgz",
      "integrity": "sha512-50/17A98tWUfQ176raKiOGXuYpLyyVMkxxG6oylzL3BPOlA6ADGdK7EYunSa4I064xerltq9TGXs8HmOk5E+vw==",
      "peer": true
    },
    "ag-charts-community": {
      "version": "7.0.0",
      "resolved": "https://registry.npmjs.org/ag-charts-community/-/ag-charts-community-7.0.0.tgz",
      "integrity": "sha512-4GPy0hj1839ffKHL/02+RLsNx1KKFwJjufqGBUVwA+5kRHU0MUQoA4Zn18h/w3zelE4iyzLtvN8+EEU66Ns9Hg=="
    },
    "ag-grid-community": {
      "version": "29.0.0",
      "resolved": "https://registry.npmjs.org/ag-grid-community/-/ag-grid-community-29.0.0.tgz",
      "integrity": "sha512-onAQIqjhP1L93W5myAsfLBMBUyZPrWDb8FRulJuhjQKo8DEA4GSZ+oJHxwwLymm4biLu54zvZ+9GkTftha8gAg=="
    },
    "ag-grid-enterprise": {
      "version": "29.0.0",
      "resolved": "https://registry.npmjs.org/ag-grid-enterprise/-/ag-grid-enterprise-29.0.0.tgz",
      "integrity": "sha512-WP0D73s5e44szR9bqjD0h66dlm6j5NO/IBEwCo48zMIUEob9a3WBT4cbBQefrka2TWevrfR14WqU/RKmITuXGw=="
    },
    "bootstrap": {
      "version": "5.2.3",
      "resolved": "https://registry.npmjs.org/bootstrap/-/bootstrap-5.2.3.tgz",
      "integrity": "sha512-cEKPM+fwb3cT8NzQZYEu4HilJ3anCrWqh3CHAok1p9jXqMPsPTBhU25fBckEJHJ/p+tTxTFTsFQGM+gaHpi3QQ==",
      "requires": {}
    }
  }
}
